<?xml version="1.0" encoding="utf-8"?>
<Project ToolsVersion="4.0" xmlns="http://schemas.microsoft.com/developer/msbuild/2003">
  <ItemGroup>
    <Filter Include="Source Files">
      <UniqueIdentifier>{4FC737F1-C7A5-4376-A066-2A32D752A2FF}</UniqueIdentifier>
      <Extensions>cpp;c;cc;cxx;c++;cppm;ixx;def;odl;idl;hpj;bat;asm;asmx</Extensions>
    </Filter>
    <Filter Include="Header Files">
      <UniqueIdentifier>{93995380-89BD-4b04-88EB-625FBE52EBFB}</UniqueIdentifier>
      <Extensions>h;hh;hpp;hxx;h++;hm;inl;inc;ipp;xsd</Extensions>
    </Filter>
    <Filter Include="Resource Files">
      <UniqueIdentifier>{67DA6AB6-F800-4c08-8B7A-83BB121AAD01}</UniqueIdentifier>
      <Extensions>rc;ico;cur;bmp;dlg;rc2;rct;bin;rgs;gif;jpg;jpeg;jpe;resx;tiff;tif;png;wav;mfcribbon-ms</Extensions>
    </Filter>
    <Filter Include="Header Files\Scenes">
      <UniqueIdentifier>{0cf68e43-b087-4d88-8a3e-faf6658ba9e6}</UniqueIdentifier>
    </Filter>
    <Filter Include="Source Files\Scenes">
      <UniqueIdentifier>{2f2e422a-7b13-49bc-bef3-f413241de026}</UniqueIdentifier>
    </Filter>
    <Filter Include="Header Files\World">
      <UniqueIdentifier>{c4b8730c-4ee7-4d85-a85d-6c736116ece7}</UniqueIdentifier>
    </Filter>
    <Filter Include="Source Files\World">
      <UniqueIdentifier>{120089fa-77b7-456b-a8e8-9d20fdb758e7}</UniqueIdentifier>
    </Filter>
    <Filter Include="Header Files\System">
      <UniqueIdentifier>{7f5e4309-e6c9-47b3-af4e-05665b23aca1}</UniqueIdentifier>
    </Filter>
    <Filter Include="Header Files\olc">
      <UniqueIdentifier>{0d1cd6cf-65e2-43b9-902a-a7cbffe6c227}</UniqueIdentifier>
    </Filter>
  </ItemGroup>
  <ItemGroup>
    <ClInclude Include="Headers\MainMenu.h">
      <Filter>Header Files\Scenes</Filter>
    </ClInclude>
    <ClInclude Include="Headers\introScene.h">
      <Filter>Header Files\Scenes</Filter>
    </ClInclude>
    <ClInclude Include="Headers\gameScene.h">
      <Filter>Header Files\Scenes</Filter>
    </ClInclude>
    <ClInclude Include="Headers\sceneDefinition.h">
      <Filter>Header Files\Scenes</Filter>
    </ClInclude>
    <ClInclude Include="Headers\olcPGEX_Network.h">
      <Filter>Header Files\olc</Filter>
    </ClInclude>
    <ClInclude Include="Headers\olcPGEX_TransformedView.h">
      <Filter>Header Files\olc</Filter>
    </ClInclude>
    <ClInclude Include="Headers\olcPixelGameEngine.h">
      <Filter>Header Files\olc</Filter>
    </ClInclude>
    <ClInclude Include="Headers\worldData.h">
      <Filter>Header Files\World</Filter>
    </ClInclude>
    <ClInclude Include="Headers\renderer.h">
      <Filter>Header Files\World</Filter>
    </ClInclude>
    <ClInclude Include="Headers\objectDefinitions.h">
      <Filter>Header Files\World</Filter>
    </ClInclude>
    <ClInclude Include="Headers\Item.h">
      <Filter>Header Files\World</Filter>
    </ClInclude>
    <ClInclude Include="Headers\timeConstruct.h">
      <Filter>Header Files\World</Filter>
    </ClInclude>
    <ClInclude Include="Headers\ConstantData.h">
      <Filter>Header Files\System</Filter>
    </ClInclude>
    <ClInclude Include="Headers\debugger.h">
      <Filter>Header Files\System</Filter>
    </ClInclude>
    <ClInclude Include="Headers\fileManager.h">
      <Filter>Header Files\System</Filter>
    </ClInclude>
    <ClInclude Include="Headers\miniMap.h">
      <Filter>Header Files\World</Filter>
    </ClInclude>
    <ClInclude Include="Headers\networkCommon.h">
      <Filter>Header Files\System</Filter>
    </ClInclude>
    <ClInclude Include="Headers\uiObjects.h">
      <Filter>Header Files\System</Filter>
    </ClInclude>
  </ItemGroup>
  <ItemGroup>
    <ClCompile Include="Source.cpp">
      <Filter>Source Files</Filter>
    </ClCompile>
    <ClCompile Include="GameScene.cpp">
      <Filter>Source Files\Scenes</Filter>
    </ClCompile>
    <ClCompile Include="IntroScene.cpp">
      <Filter>Source Files\Scenes</Filter>
    </ClCompile>
    <ClCompile Include="MainMenu.cpp">
      <Filter>Source Files\Scenes</Filter>
    </ClCompile>
    <ClCompile Include="SceneDefinition.cpp">
      <Filter>Source Files\Scenes</Filter>
    </ClCompile>
    <ClCompile Include="Item.cpp">
      <Filter>Source Files\World</Filter>
    </ClCompile>
    <ClCompile Include="Renderer.cpp">
      <Filter>Source Files\World</Filter>
    </ClCompile>
    <ClCompile Include="WorldData.cpp">
      <Filter>Source Files\World</Filter>
    </ClCompile>
    <ClCompile Include="MiniMap.cpp">
      <Filter>Source Files\World</Filter>
    </ClCompile>
  </ItemGroup>
</Project>